{
  "R": {
    "Version": "4.4.1",
    "Repositories": [
      {
        "Name": "BioCsoft",
        "URL": "https://bioconductor.org/packages/3.20/bioc"
      },
      {
        "Name": "BioCann",
        "URL": "https://bioconductor.org/packages/3.20/data/annotation"
      },
      {
        "Name": "BioCexp",
        "URL": "https://bioconductor.org/packages/3.20/data/experiment"
      },
      {
        "Name": "BioCworkflows",
        "URL": "https://bioconductor.org/packages/3.20/workflows"
      },
      {
        "Name": "BioCbooks",
        "URL": "https://bioconductor.org/packages/3.20/books"
      },
      {
        "Name": "CRAN",
        "URL": "https://packagemanager.posit.co/cran/latest"
      }
    ]
  },
  "Bioconductor": {
    "Version": "3.20"
  },
  "Packages": {
    "BH": {
      "Package": "BH",
      "Version": "1.87.0-1",
      "Source": "Repository",
      "Repository": "CRAN",
      "Hash": "468d9a03ba57f22ebde50060fd13ba9f"
    },
    "Biobase": {
      "Package": "Biobase",
      "Version": "2.66.0",
      "Source": "Bioconductor",
      "Repository": "Bioconductor 3.20",
      "Requirements": [
        "BiocGenerics",
        "R",
        "methods",
        "utils"
      ],
      "Hash": "f6e716bdfed8acfd2d4137be7d4fa8f9"
    },
    "BiocGenerics": {
      "Package": "BiocGenerics",
      "Version": "0.52.0",
      "Source": "Bioconductor",
      "Repository": "Bioconductor 3.20",
      "Requirements": [
        "R",
        "graphics",
        "methods",
        "stats",
        "utils"
      ],
      "Hash": "3a1a587cfadcfcbf849dfc605cbbb965"
    },
    "BiocManager": {
      "Package": "BiocManager",
      "Version": "1.30.27",
      "Source": "Repository",
      "Repository": "CRAN",
      "Requirements": [
        "utils"
      ],
      "Hash": "594af2c6021b55271b6759d004a25ca2"
    },
    "BiocNeighbors": {
      "Package": "BiocNeighbors",
      "Version": "2.0.1",
      "Source": "Bioconductor",
      "Repository": "Bioconductor 3.20",
      "Requirements": [
        "Rcpp",
        "assorthead",
        "methods"
      ],
      "Hash": "e883ecdc9b70800f066f9a836b560701"
    },
    "BiocParallel": {
      "Package": "BiocParallel",
      "Version": "1.40.2",
      "Source": "Bioconductor",
      "Requirements": [
        "BH",
        "R",
        "codetools",
        "cpp11",
        "futile.logger",
        "methods",
        "parallel",
        "snow",
        "stats",
        "utils"
      ],
      "Hash": "41f304b9c29715904eadfae5e7a0ea21"
    },
    "BiocSingular": {
      "Package": "BiocSingular",
      "Version": "1.22.0",
      "Source": "Bioconductor",
      "Repository": "Bioconductor 3.20",
      "Requirements": [
        "BiocGenerics",
        "BiocParallel",
        "DelayedArray",
        "Matrix",
        "Rcpp",
        "S4Vectors",
        "ScaledMatrix",
        "assorthead",
        "beachmat",
        "irlba",
        "methods",
        "rsvd",
        "utils"
      ],
      "Hash": "804cb073314b96c9f9e3ec317a634660"
    },
    "BiocVersion": {
      "Package": "BiocVersion",
      "Version": "3.20.0",
      "Source": "Bioconductor",
      "Repository": "Bioconductor 3.20",
      "Requirements": [
        "R"
      ],
      "Hash": "3c70eb3b78929c0ee452350cea8432a5"
    },
    "DelayedArray": {
      "Package": "DelayedArray",
      "Version": "0.32.0",
      "Source": "Bioconductor",
      "Repository": "Bioconductor 3.20",
      "Requirements": [
        "BiocGenerics",
        "IRanges",
        "Matrix",
        "MatrixGenerics",
        "R",
        "S4Arrays",
        "S4Vectors",
        "SparseArray",
        "methods",
        "stats",
        "stats4"
      ],
      "Hash": "c4f42dda8d17648382f46b5d0e8a962a"
    },
    "GenomeInfoDb": {
      "Package": "GenomeInfoDb",
      "Version": "1.42.3",
      "Source": "Bioconductor",
      "Repository": "Bioconductor 3.20",
      "Requirements": [
        "BiocGenerics",
        "GenomeInfoDbData",
        "IRanges",
        "R",
        "S4Vectors",
        "UCSC.utils",
        "methods",
        "stats",
        "stats4",
        "utils"
      ],
      "Hash": "0986fd4a99387bd391117f5962282c1f"
    },
    "GenomeInfoDbData": {
      "Package": "GenomeInfoDbData",
      "Version": "1.2.13",
      "Source": "Bioconductor",
      "Requirements": [
        "R"
      ],
      "Hash": "51962084ec5754c349f8aff4d6d709bf"
    },
    "GenomicRanges": {
      "Package": "GenomicRanges",
      "Version": "1.58.0",
      "Source": "Bioconductor",
      "Repository": "Bioconductor 3.20",
      "Requirements": [
        "BiocGenerics",
        "GenomeInfoDb",
        "IRanges",
        "R",
        "S4Vectors",
        "XVector",
        "methods",
        "stats",
        "stats4",
        "utils"
      ],
      "Hash": "41a8ef4550a7da29749cb739b8e701be"
    },
    "IRanges": {
      "Package": "IRanges",
      "Version": "2.40.1",
      "Source": "Bioconductor",
      "Repository": "Bioconductor 3.20",
      "Requirements": [
        "BiocGenerics",
        "R",
        "S4Vectors",
        "methods",
        "stats",
        "stats4",
        "utils"
      ],
      "Hash": "54ccfdba2fcf18a43d2836b70625b191"
    },
    "Matrix": {
      "Package": "Matrix",
      "Version": "1.7-4",
      "Source": "Repository",
      "Repository": "CRAN",
      "Requirements": [
        "R",
        "grDevices",
        "graphics",
        "grid",
        "lattice",
        "methods",
        "stats",
        "utils"
      ],
      "Hash": "7dbe8933065523bfc227027091bf2b1f"
    },
    "MatrixGenerics": {
      "Package": "MatrixGenerics",
      "Version": "1.18.1",
      "Source": "Bioconductor",
      "Repository": "Bioconductor 3.20",
      "Requirements": [
        "matrixStats",
        "methods"
      ],
      "Hash": "7e706332a2236f0dee4b610ccabaf20b"
    },
    "R6": {
      "Package": "R6",
      "Version": "2.6.1",
      "Source": "Repository",
      "Repository": "CRAN",
      "Requirements": [
        "R"
      ],
      "Hash": "d4335fe7207f1c01ab8c41762f5840d4"
    },
    "Rcpp": {
      "Package": "Rcpp",
      "Version": "1.1.0",
      "Source": "Repository",
      "Repository": "CRAN",
      "Requirements": [
        "methods",
        "utils"
      ],
      "Hash": "0d3d8867aa41b0d9ad113b50c169ecb2"
    },
    "S4Arrays": {
      "Package": "S4Arrays",
      "Version": "1.6.0",
      "Source": "Bioconductor",
      "Repository": "Bioconductor 3.20",
      "Requirements": [
        "BiocGenerics",
        "IRanges",
        "Matrix",
        "R",
        "S4Vectors",
        "abind",
        "crayon",
        "methods",
        "stats"
      ],
      "Hash": "53b78397b6a584e74ded9d2e369b0eec"
    },
    "S4Vectors": {
      "Package": "S4Vectors",
      "Version": "0.44.0",
      "Source": "Bioconductor",
      "Repository": "Bioconductor 3.20",
      "Requirements": [
        "BiocGenerics",
        "R",
        "methods",
        "stats",
        "stats4",
        "utils"
      ],
      "Hash": "20149fcead4dd6f9da3605f98b5220fc"
    },
    "ScaledMatrix": {
      "Package": "ScaledMatrix",
      "Version": "1.14.0",
      "Source": "Bioconductor",
      "Repository": "Bioconductor 3.20",
      "Requirements": [
        "DelayedArray",
        "Matrix",
        "S4Vectors",
        "methods"
      ],
      "Hash": "50bc22f18aecc95d7756de8d8dabccc0"
    },
    "SingleCellExperiment": {
      "Package": "SingleCellExperiment",
      "Version": "1.28.1",
      "Source": "Bioconductor",
      "Repository": "Bioconductor 3.20",
      "Requirements": [
        "BiocGenerics",
        "DelayedArray",
        "GenomicRanges",
        "S4Vectors",
        "SummarizedExperiment",
        "methods",
        "stats",
        "utils"
      ],
      "Hash": "48880101d1aacf03683ed4cff15d1192"
    },
    "SparseArray": {
      "Package": "SparseArray",
      "Version": "1.6.2",
      "Source": "Bioconductor",
      "Repository": "Bioconductor 3.20",
      "Requirements": [
        "BiocGenerics",
        "IRanges",
        "Matrix",
        "MatrixGenerics",
        "R",
        "S4Arrays",
        "S4Vectors",
        "XVector",
        "matrixStats",
        "methods",
        "stats",
        "utils"
      ],
      "Hash": "01f026649fd92a9f055b7a9b982d99b3"
    },
    "SummarizedExperiment": {
      "Package": "SummarizedExperiment",
      "Version": "1.36.0",
      "Source": "Bioconductor",
      "Repository": "Bioconductor 3.20",
      "Requirements": [
        "Biobase",
        "BiocGenerics",
        "DelayedArray",
        "GenomeInfoDb",
        "GenomicRanges",
        "IRanges",
        "Matrix",
        "MatrixGenerics",
        "R",
        "S4Arrays",
        "S4Vectors",
        "methods",
        "stats",
        "tools",
        "utils"
      ],
      "Hash": "5acddb171281d0859c6610d374eacbee"
    },
    "UCSC.utils": {
      "Package": "UCSC.utils",
      "Version": "1.2.0",
      "Source": "Bioconductor",
      "Repository": "Bioconductor 3.20",
      "Requirements": [
        "S4Vectors",
        "httr",
        "jsonlite",
        "methods",
        "stats"
      ],
      "Hash": "499f71d1787a61fe69c8805798650777"
    },
    "XVector": {
      "Package": "XVector",
      "Version": "0.46.0",
      "Source": "Bioconductor",
      "Repository": "Bioconductor 3.20",
      "Requirements": [
        "BiocGenerics",
        "IRanges",
        "R",
        "S4Vectors",
        "methods",
        "tools",
        "utils",
        "zlibbioc"
      ],
      "Hash": "fc9af0d482076d1eace4405c44cfecfb"
    },
    "abind": {
      "Package": "abind",
      "Version": "1.4-8",
      "Source": "Repository",
      "Repository": "CRAN",
      "Requirements": [
        "R",
        "methods",
        "utils"
      ],
      "Hash": "2288423bb0f20a457800d7fc47f6aa54"
    },
    "askpass": {
      "Package": "askpass",
      "Version": "1.2.1",
      "Source": "Repository",
      "Repository": "CRAN",
      "Requirements": [
        "sys"
      ],
      "Hash": "c39f4155b3ceb1a9a2799d700fbd4b6a"
    },
    "assorthead": {
      "Package": "assorthead",
      "Version": "1.0.1",
      "Source": "Bioconductor",
      "Repository": "Bioconductor 3.20",
      "Hash": "dcac63bfe422b463ab217514c17b1d1f"
    },
    "backports": {
      "Package": "backports",
      "Version": "1.5.0",
      "Source": "Repository",
      "Repository": "CRAN",
      "Requirements": [
        "R"
      ],
      "Hash": "e1e1b9d75c37401117b636b7ae50827a"
    },
    "beachmat": {
      "Package": "beachmat",
      "Version": "2.22.0",
      "Source": "Bioconductor",
      "Repository": "Bioconductor 3.20",
      "Requirements": [
        "BiocGenerics",
        "DelayedArray",
        "Matrix",
        "Rcpp",
        "SparseArray",
        "assorthead",
        "methods"
      ],
      "Hash": "9798c0712230452b97670a6f83c70e99"
    },
    "bluster": {
      "Package": "bluster",
      "Version": "1.16.0",
      "Source": "Bioconductor",
      "Repository": "Bioconductor 3.20",
      "Requirements": [
        "BiocNeighbors",
        "BiocParallel",
        "Matrix",
        "Rcpp",
        "S4Vectors",
        "assorthead",
        "cluster",
        "igraph",
        "methods",
        "stats",
        "utils"
      ],
      "Hash": "e16719dc9084d3658a5caf4bebb3c75c"
    },
    "checkmate": {
      "Package": "checkmate",
      "Version": "2.3.4",
      "Source": "Repository",
      "Repository": "CRAN",
      "Requirements": [
        "R",
        "backports",
        "utils"
      ],
      "Hash": "86cbe221fc19b56242f6c3eb0d4c5ab5"
    },
    "cli": {
      "Package": "cli",
      "Version": "3.6.6",
      "Source": "Repository",
      "Repository": "CRAN",
      "Requirements": [
        "R",
        "utils"
      ],
      "Hash": "a73d822b669d443ff8de6928f9c49850"
    },
    "cluster": {
      "Package": "cluster",
      "Version": "2.1.6",
      "Source": "Repository",
      "Repository": "CRAN",
      "Requirements": [
        "R",
        "grDevices",
        "graphics",
        "stats",
        "utils"
      ],
      "Hash": "0aaa05204035dc43ea0004b9c76611dd"
    },
    "codetools": {
      "Package": "codetools",
      "Version": "0.2-20",
      "Source": "Repository",
      "Repository": "CRAN",
      "Requirements": [
        "R"
      ],
      "Hash": "61e097f35917d342622f21cdc79c256e"
    },
    "cpp11": {
      "Package": "cpp11",
      "Version": "0.5.2",
      "Source": "Repository",
      "Repository": "CRAN",
      "Requirements": [
        "R"
      ],
      "Hash": "2720e3fd3dad08f34b19b56b3d6f073d"
    },
    "crayon": {
      "Package": "crayon",
      "Version": "1.5.3",
      "Source": "Repository",
      "Repository": "CRAN",
      "Requirements": [
        "grDevices",
        "methods",
        "utils"
      ],
      "Hash": "859d96e65ef198fd43e82b9628d593ef"
    },
    "curl": {
      "Package": "curl",
      "Version": "7.0.0",
      "Source": "Repository",
      "Repository": "CRAN",
      "Requirements": [
        "R"
      ],
      "Hash": "aa27e963d3deccf4bade44d06b976977"
    },
    "dplyr": {
      "Package": "dplyr",
      "Version": "1.2.0",
      "Source": "Repository",
      "Repository": "CRAN",
      "Requirements": [
        "R",
        "R6",
        "cli",
        "generics",
        "glue",
        "lifecycle",
        "magrittr",
        "methods",
        "pillar",
        "rlang",
        "tibble",
        "tidyselect",
        "utils",
        "vctrs"
      ],
      "Hash": "71a469a5d5f9fdbf7de6c0dbeece0e22"
    },
    "dqrng": {
      "Package": "dqrng",
      "Version": "0.4.1",
      "Source": "Repository",
      "Repository": "CRAN",
      "Requirements": [
        "BH",
        "R",
        "Rcpp",
        "sitmo"
      ],
      "Hash": "6d7b942d8f615705f89a7883998fc839"
    },
    "edgeR": {
      "Package": "edgeR",
      "Version": "4.4.2",
      "Source": "Bioconductor",
      "Repository": "Bioconductor 3.20",
      "Requirements": [
        "R",
        "graphics",
        "limma",
        "locfit",
        "methods",
        "stats",
        "utils"
      ],
      "Hash": "3e6af1be66c99b9ff32523428da6926c"
    },
    "formatR": {
      "Package": "formatR",
      "Version": "1.14",
      "Source": "Repository",
      "Repository": "CRAN",
      "Requirements": [
        "R"
      ],
      "Hash": "63cb26d12517c7863f5abb006c5e0f25"
    },
    "futile.logger": {
      "Package": "futile.logger",
      "Version": "1.4.9",
      "Source": "Repository",
      "Repository": "CRAN",
      "Requirements": [
        "R",
        "futile.options",
        "lambda.r",
        "utils"
      ],
      "Hash": "8b2913e7dce4da969b1c1c93075d7046"
    },
    "futile.options": {
      "Package": "futile.options",
      "Version": "1.0.1",
      "Source": "Repository",
      "Repository": "CRAN",
      "Requirements": [
        "R"
      ],
      "Hash": "0d9bf02413ddc2bbe8da9ce369dcdd2b"
    },
    "generics": {
      "Package": "generics",
      "Version": "0.1.4",
      "Source": "Repository",
      "Repository": "CRAN",
      "Requirements": [
        "R",
        "methods"
      ],
      "Hash": "4b29bf698d0c7bdb9f1e4976e7ade41d"
    },
    "glue": {
      "Package": "glue",
      "Version": "1.8.0",
      "Source": "Repository",
      "Repository": "CRAN",
      "Requirements": [
        "R",
        "methods"
      ],
      "Hash": "5899f1eaa825580172bb56c08266f37c"
    },
    "httr": {
      "Package": "httr",
      "Version": "1.4.7",
      "Source": "Repository",
      "Repository": "CRAN",
      "Requirements": [
        "R",
        "R6",
        "curl",
        "jsonlite",
        "mime",
        "openssl"
      ],
      "Hash": "ac107251d9d9fd72f0ca8049988f1d7f"
    },
    "igraph": {
      "Package": "igraph",
      "Version": "2.2.1",
      "Source": "Repository",
      "Repository": "CRAN",
      "Requirements": [
        "Matrix",
        "R",
        "cli",
        "cpp11",
        "grDevices",
        "graphics",
        "lifecycle",
        "magrittr",
        "methods",
        "pkgconfig",
        "rlang",
        "stats",
        "utils",
        "vctrs"
      ],
      "Hash": "8f3943f8c98e594bff132804aa4edf57"
    },
    "irlba": {
      "Package": "irlba",
      "Version": "2.3.5.1",
      "Source": "Repository",
      "Repository": "CRAN",
      "Requirements": [
        "Matrix",
        "R",
        "methods",
        "stats"
      ],
      "Hash": "acb06a47b732c6251afd16e19c3201ff"
    },
    "jsonlite": {
      "Package": "jsonlite",
      "Version": "2.0.0",
      "Source": "Repository",
      "Repository": "CRAN",
      "Requirements": [
        "methods"
      ],
      "Hash": "b0776f526d36d8bd4a3344a88fe165c4"
    },
    "lambda.r": {
      "Package": "lambda.r",
      "Version": "1.2.4",
      "Source": "Repository",
      "Repository": "CRAN",
      "Requirements": [
        "R",
        "formatR"
      ],
      "Hash": "b1e925c4b9ffeb901bacf812cbe9a6ad"
    },
    "lattice": {
      "Package": "lattice",
      "Version": "0.22-6",
      "Source": "Repository",
      "Repository": "CRAN",
      "Requirements": [
        "R",
        "grDevices",
        "graphics",
        "grid",
        "stats",
        "utils"
      ],
      "Hash": "cc5ac1ba4c238c7ca9fa6a87ca11a7e2"
    },
    "lifecycle": {
      "Package": "lifecycle",
      "Version": "1.0.5",
      "Source": "Repository",
      "Repository": "CRAN",
      "Requirements": [
        "R",
        "cli",
        "rlang"
      ],
      "Hash": "36dbfe4fba6c064db50a671a90297c85"
    },
    "limma": {
      "Package": "limma",
      "Version": "3.62.2",
      "Source": "Bioconductor",
      "Repository": "Bioconductor 3.20",
      "Requirements": [
        "R",
        "grDevices",
        "graphics",
        "methods",
        "statmod",
        "stats",
        "utils"
      ],
      "Hash": "89fb0523764ccd8a5b43072c437efa8f"
    },
    "locfit": {
      "Package": "locfit",
      "Version": "1.5-9.12",
      "Source": "Repository",
      "Repository": "CRAN",
      "Requirements": [
        "R",
        "lattice"
      ],
      "Hash": "23be15415024fa0c7c48ec613a26b4c1"
    },
    "magrittr": {
      "Package": "magrittr",
      "Version": "2.0.4",
      "Source": "Repository",
      "Repository": "CRAN",
      "Requirements": [
        "R"
      ],
      "Hash": "8b3b213aa0c54a0dec254288ccb545d1"
    },
    "matrixStats": {
      "Package": "matrixStats",
      "Version": "1.5.0",
      "Source": "Repository",
      "Repository": "CRAN",
      "Requirements": [
        "R"
      ],
      "Hash": "9fd316b52ac8c24fef4c67fdd646e965"
    },
    "metapod": {
      "Package": "metapod",
      "Version": "1.14.0",
      "Source": "Bioconductor",
      "Repository": "Bioconductor 3.20",
      "Requirements": [
        "Rcpp"
      ],
      "Hash": "d34dd1818ce8e981a8a5b30796e883ef"
    },
    "mime": {
      "Package": "mime",
      "Version": "0.13",
      "Source": "Repository",
      "Repository": "CRAN",
      "Requirements": [
        "tools"
      ],
      "Hash": "0ec19f34c72fab674d8f2b4b1c6410e1"
    },
    "openssl": {
      "Package": "openssl",
      "Version": "2.3.4",
      "Source": "Repository",
      "Repository": "CRAN",
      "Requirements": [
        "askpass"
      ],
      "Hash": "d5811dade9cd3a34a9038a45f1a59bae"
    },
    "pillar": {
      "Package": "pillar",
      "Version": "1.11.1",
      "Source": "Repository",
      "Repository": "CRAN",
      "Requirements": [
        "cli",
        "glue",
        "lifecycle",
        "rlang",
        "utf8",
        "utils",
        "vctrs"
      ],
      "Hash": "1395e64f2689ffd503657778e810cee2"
    },
    "pkgconfig": {
      "Package": "pkgconfig",
      "Version": "2.0.3",
      "Source": "Repository",
      "Repository": "CRAN",
      "Requirements": [
        "utils"
      ],
      "Hash": "01f28d4278f15c76cddbea05899c5d6f"
    },
    "purrr": {
      "Package": "purrr",
      "Version": "1.2.1",
      "Source": "Repository",
      "Repository": "CRAN",
      "Requirements": [
        "R",
        "cli",
        "lifecycle",
        "magrittr",
        "rlang",
        "vctrs"
      ],
      "Hash": "0154ac5b9ef4df1a7be3a54602e781cf"
    },
    "renv": {
      "Package": "renv",
      "Version": "1.0.7",
      "Source": "Repository",
      "Repository": "CRAN",
      "Requirements": [
        "utils"
      ],
      "Hash": "397b7b2a265bc5a7a06852524dabae20"
    },
    "rlang": {
      "Package": "rlang",
      "Version": "1.2.0",
      "Source": "Repository",
      "Repository": "CRAN",
      "Requirements": [
        "R",
        "utils"
      ],
      "Hash": "f88151fb9ca15e72dc351deb1328716e"
    },
    "rsvd": {
      "Package": "rsvd",
      "Version": "1.0.5",
      "Source": "Repository",
      "Repository": "CRAN",
      "Requirements": [
        "Matrix",
        "R"
      ],
      "Hash": "b462187d887abc519894874486dbd6fd"
    },
    "scran": {
      "Package": "scran",
      "Version": "1.34.0",
      "Source": "Bioconductor",
      "Repository": "Bioconductor 3.20",
      "Requirements": [
        "BH",
        "BiocGenerics",
        "BiocParallel",
        "BiocSingular",
        "DelayedArray",
        "Matrix",
        "MatrixGenerics",
        "Rcpp",
        "S4Arrays",
        "S4Vectors",
        "SingleCellExperiment",
        "SummarizedExperiment",
        "beachmat",
        "bluster",
        "dqrng",
        "edgeR",
        "igraph",
        "limma",
        "metapod",
        "methods",
        "scuttle",
        "statmod",
        "stats",
        "utils"
      ],
      "Hash": "043e2abb6aa396cea763028ec7479e79"
    },
    "scuttle": {
      "Package": "scuttle",
      "Version": "1.16.0",
      "Source": "Bioconductor",
      "Repository": "Bioconductor 3.20",
      "Requirements": [
        "BiocGenerics",
        "BiocParallel",
        "DelayedArray",
        "GenomicRanges",
        "Matrix",
        "MatrixGenerics",
        "Rcpp",
        "S4Arrays",
        "S4Vectors",
        "SingleCellExperiment",
        "SparseArray",
        "SummarizedExperiment",
        "beachmat",
        "methods",
        "stats",
        "utils"
      ],
      "Hash": "6c56872e965b466591cb077382eb7b70"
    },
    "sitmo": {
      "Package": "sitmo",
      "Version": "2.0.2",
      "Source": "Repository",
      "Repository": "CRAN",
      "Requirements": [
        "R",
        "Rcpp"
      ],
      "Hash": "c956d93f6768a9789edbc13072b70c78"
    },
    "snow": {
      "Package": "snow",
      "Version": "0.4-4",
      "Source": "Repository",
      "Repository": "CRAN",
      "Requirements": [
        "R",
        "utils"
      ],
      "Hash": "40b74690debd20c57d93d8c246b305d4"
    },
    "statmod": {
      "Package": "statmod",
      "Version": "1.5.1",
      "Source": "Repository",
      "Repository": "CRAN",
      "Requirements": [
        "R",
        "graphics",
        "stats"
      ],
      "Hash": "5032a986f6ec715337d5a4551709adff"
    },
    "stringi": {
      "Package": "stringi",
      "Version": "1.8.7",
      "Source": "Repository",
      "Repository": "CRAN",
      "Requirements": [
        "R",
        "stats",
        "tools",
        "utils"
      ],
      "Hash": "2b56088e23bdd58f89aebf43a0913457"
    },
    "stringr": {
      "Package": "stringr",
      "Version": "1.6.0",
      "Source": "Repository",
      "Repository": "CRAN",
      "Requirements": [
        "R",
        "cli",
        "glue",
        "lifecycle",
        "magrittr",
        "rlang",
        "stringi",
        "vctrs"
      ],
      "Hash": "d47392652eedc68bf916657347ff2526"
    },
    "sys": {
      "Package": "sys",
      "Version": "3.4.3",
      "Source": "Repository",
      "Repository": "CRAN",
      "Hash": "de342ebfebdbf40477d0758d05426646"
    },
    "tibble": {
      "Package": "tibble",
      "Version": "3.3.1",
      "Source": "Repository",
      "Repository": "CRAN",
      "Requirements": [
        "R",
        "cli",
        "lifecycle",
        "magrittr",
        "methods",
        "pillar",
        "pkgconfig",
        "rlang",
        "utils",
        "vctrs"
      ],
      "Hash": "c55df870972551cac674b50cadb2d51f"
    },
    "tidyr": {
      "Package": "tidyr",
      "Version": "1.3.2",
      "Source": "Repository",
      "Repository": "CRAN",
      "Requirements": [
        "R",
        "cli",
        "cpp11",
        "dplyr",
        "glue",
        "lifecycle",
        "magrittr",
        "purrr",
        "rlang",
        "stringr",
        "tibble",
        "tidyselect",
        "utils",
        "vctrs"
      ],
      "Hash": "a4fa2f5876396f04814cb9d8d9ab89e9"
    },
    "tidyselect": {
      "Package": "tidyselect",
      "Version": "1.2.1",
      "Source": "Repository",
      "Repository": "CRAN",
      "Requirements": [
        "R",
        "cli",
        "glue",
        "lifecycle",
        "rlang",
        "vctrs",
        "withr"
      ],
      "Hash": "829f27b9c4919c16b593794a6344d6c0"
    },
    "utf8": {
      "Package": "utf8",
      "Version": "1.2.6",
      "Source": "Repository",
      "Repository": "CRAN",
      "Requirements": [
        "R"
      ],
      "Hash": "d526d558be176e9ceb68c3d1e83479b7"
    },
    "vctrs": {
      "Package": "vctrs",
      "Version": "0.7.1",
      "Source": "Repository",
      "Repository": "CRAN",
      "Requirements": [
        "R",
        "cli",
        "glue",
        "lifecycle",
        "rlang"
      ],
      "Hash": "c64e64d93489bb62bb8747bbb9e06c09"
    },
    "withr": {
      "Package": "withr",
      "Version": "3.0.2",
      "Source": "Repository",
      "Repository": "CRAN",
      "Requirements": [
        "R",
        "grDevices",
        "graphics"
      ],
      "Hash": "cc2d62c76458d425210d1eb1478b30b4"
    },
    "zlibbioc": {
      "Package": "zlibbioc",
      "Version": "1.52.0",
      "Source": "Bioconductor",
      "Repository": "Bioconductor 3.20",
      "Hash": "89bfb698d6eb2fdf03c923ffd32e0c3f"
    }
  }
}
